<?xml version="1.0" encoding="UTF-8"?>
<!DOCTYPE plist PUBLIC "-//Apple//DTD PLIST 1.0//EN" "http://www.apple.com/DTDs/PropertyList-1.0.dtd">
<plist version="1.0">
<dict>
	<key>archiveVersion</key>
	<string>1</string>
	<key>classes</key>
	<dict/>
	<key>objectVersion</key>
	<string>46</string>
	<key>objects</key>
	<dict>
		<key>00B8142D337C437C99161A72</key>
		<dict>
			<key>buildActionMask</key>
			<string>2147483647</string>
			<key>files</key>
			<array/>
			<key>inputPaths</key>
			<array/>
			<key>isa</key>
			<string>PBXShellScriptBuildPhase</string>
			<key>name</key>
			<string>Copy Pods Resources</string>
			<key>outputPaths</key>
			<array/>
			<key>runOnlyForDeploymentPostprocessing</key>
			<string>0</string>
			<key>shellPath</key>
			<string>/bin/sh</string>
			<key>shellScript</key>
			<string>"${SRCROOT}/Pods/Pods-resources.sh"
</string>
		</dict>
		<key>861A660316C1693B00C81E94</key>
		<dict>
			<key>isa</key>
			<string>PBXFileReference</string>
			<key>lastKnownFileType</key>
			<string>sourcecode.c.h</string>
			<key>path</key>
			<string>RNThemeUpdateProtocol.h</string>
			<key>sourceTree</key>
			<string>&lt;group&gt;</string>
		</dict>
		<key>861A660416C17ABC00C81E94</key>
		<dict>
			<key>fileEncoding</key>
			<string>4</string>
			<key>isa</key>
			<string>PBXFileReference</string>
			<key>lastKnownFileType</key>
			<string>sourcecode.c.h</string>
			<key>path</key>
			<string>RNThemedImageView.h</string>
			<key>sourceTree</key>
			<string>&lt;group&gt;</string>
		</dict>
		<key>861A660516C17ABC00C81E94</key>
		<dict>
			<key>fileEncoding</key>
			<string>4</string>
			<key>isa</key>
			<string>PBXFileReference</string>
			<key>lastKnownFileType</key>
			<string>sourcecode.c.objc</string>
			<key>path</key>
			<string>RNThemedImageView.m</string>
			<key>sourceTree</key>
			<string>&lt;group&gt;</string>
		</dict>
		<key>861A660616C17ABC00C81E94</key>
		<dict>
			<key>fileRef</key>
			<string>861A660516C17ABC00C81E94</string>
			<key>isa</key>
			<string>PBXBuildFile</string>
		</dict>
		<key>861A660716C17BF800C81E94</key>
		<dict>
			<key>fileEncoding</key>
			<string>4</string>
			<key>isa</key>
			<string>PBXFileReference</string>
			<key>lastKnownFileType</key>
			<string>sourcecode.c.h</string>
			<key>path</key>
			<string>RNThemeLabel.h</string>
			<key>sourceTree</key>
			<string>&lt;group&gt;</string>
		</dict>
		<key>861A660816C17BF800C81E94</key>
		<dict>
			<key>fileEncoding</key>
			<string>4</string>
			<key>isa</key>
			<string>PBXFileReference</string>
			<key>lastKnownFileType</key>
			<string>sourcecode.c.objc</string>
			<key>path</key>
			<string>RNThemeLabel.m</string>
			<key>sourceTree</key>
			<string>&lt;group&gt;</string>
		</dict>
		<key>861A660916C17BF800C81E94</key>
		<dict>
			<key>fileRef</key>
			<string>861A660816C17BF800C81E94</string>
			<key>isa</key>
			<string>PBXBuildFile</string>
		</dict>
		<key>861A660A16C17D3500C81E94</key>
		<dict>
			<key>fileEncoding</key>
			<string>4</string>
			<key>isa</key>
			<string>PBXFileReference</string>
			<key>lastKnownFileType</key>
			<string>sourcecode.c.h</string>
			<key>path</key>
			<string>RNThemeButton.h</string>
			<key>sourceTree</key>
			<string>&lt;group&gt;</string>
		</dict>
		<key>861A660B16C17D3500C81E94</key>
		<dict>
			<key>fileEncoding</key>
			<string>4</string>
			<key>isa</key>
			<string>PBXFileReference</string>
			<key>lastKnownFileType</key>
			<string>sourcecode.c.objc</string>
			<key>path</key>
			<string>RNThemeButton.m</string>
			<key>sourceTree</key>
			<string>&lt;group&gt;</string>
		</dict>
		<key>861A660C16C17D3500C81E94</key>
		<dict>
			<key>fileRef</key>
			<string>861A660B16C17D3500C81E94</string>
			<key>isa</key>
			<string>PBXBuildFile</string>
		</dict>
		<key>861A660D16C17E9800C81E94</key>
		<dict>
			<key>fileEncoding</key>
			<string>4</string>
			<key>isa</key>
			<string>PBXFileReference</string>
			<key>lastKnownFileType</key>
			<string>sourcecode.c.h</string>
			<key>path</key>
			<string>RNThemeTextView.h</string>
			<key>sourceTree</key>
			<string>&lt;group&gt;</string>
		</dict>
		<key>861A660E16C17E9800C81E94</key>
		<dict>
			<key>fileEncoding</key>
			<string>4</string>
			<key>isa</key>
			<string>PBXFileReference</string>
			<key>lastKnownFileType</key>
			<string>sourcecode.c.objc</string>
			<key>path</key>
			<string>RNThemeTextView.m</string>
			<key>sourceTree</key>
			<string>&lt;group&gt;</string>
		</dict>
		<key>861A660F16C17E9800C81E94</key>
		<dict>
			<key>fileRef</key>
			<string>861A660E16C17E9800C81E94</string>
			<key>isa</key>
			<string>PBXBuildFile</string>
		</dict>
		<key>861A661016C17EEE00C81E94</key>
		<dict>
			<key>fileEncoding</key>
			<string>4</string>
			<key>isa</key>
			<string>PBXFileReference</string>
			<key>lastKnownFileType</key>
			<string>sourcecode.c.h</string>
			<key>path</key>
			<string>RNThemeTextField.h</string>
			<key>sourceTree</key>
			<string>&lt;group&gt;</string>
		</dict>
		<key>861A661116C17EEE00C81E94</key>
		<dict>
			<key>fileEncoding</key>
			<string>4</string>
			<key>isa</key>
			<string>PBXFileReference</string>
			<key>lastKnownFileType</key>
			<string>sourcecode.c.objc</string>
			<key>path</key>
			<string>RNThemeTextField.m</string>
			<key>sourceTree</key>
			<string>&lt;group&gt;</string>
		</dict>
		<key>861A661216C17EEE00C81E94</key>
		<dict>
			<key>fileRef</key>
			<string>861A661116C17EEE00C81E94</string>
			<key>isa</key>
			<string>PBXBuildFile</string>
		</dict>
		<key>862C9F0316C181610075716E</key>
		<dict>
			<key>isa</key>
			<string>PBXFileReference</string>
			<key>lastKnownFileType</key>
			<string>wrapper.framework</string>
			<key>name</key>
			<string>Security.framework</string>
			<key>path</key>
			<string>System/Library/Frameworks/Security.framework</string>
			<key>sourceTree</key>
			<string>SDKROOT</string>
		</dict>
		<key>862C9F0416C181610075716E</key>
		<dict>
			<key>fileRef</key>
			<string>862C9F0316C181610075716E</string>
			<key>isa</key>
			<string>PBXBuildFile</string>
		</dict>
		<key>862C9F0516C182220075716E</key>
		<dict>
			<key>fileEncoding</key>
			<string>4</string>
			<key>isa</key>
			<string>PBXFileReference</string>
			<key>lastKnownFileType</key>
			<string>sourcecode.c.h</string>
			<key>path</key>
			<string>RNThemeView.h</string>
			<key>sourceTree</key>
			<string>&lt;group&gt;</string>
		</dict>
		<key>862C9F0616C182220075716E</key>
		<dict>
			<key>fileEncoding</key>
			<string>4</string>
			<key>isa</key>
			<string>PBXFileReference</string>
			<key>lastKnownFileType</key>
			<string>sourcecode.c.objc</string>
			<key>path</key>
			<string>RNThemeView.m</string>
			<key>sourceTree</key>
			<string>&lt;group&gt;</string>
		</dict>
		<key>862C9F0716C182220075716E</key>
		<dict>
			<key>fileRef</key>
			<string>862C9F0616C182220075716E</string>
			<key>isa</key>
			<string>PBXBuildFile</string>
		</dict>
		<key>862C9F0816C182AA0075716E</key>
		<dict>
			<key>children</key>
			<array>
				<string>861A660D16C17E9800C81E94</string>
				<string>861A660E16C17E9800C81E94</string>
				<string>861A661016C17EEE00C81E94</string>
				<string>861A661116C17EEE00C81E94</string>
				<string>862C9F0516C182220075716E</string>
				<string>862C9F0616C182220075716E</string>
				<string>861A660A16C17D3500C81E94</string>
				<string>861A660B16C17D3500C81E94</string>
				<string>861A660416C17ABC00C81E94</string>
				<string>861A660516C17ABC00C81E94</string>
				<string>861A660716C17BF800C81E94</string>
				<string>861A660816C17BF800C81E94</string>
			</array>
			<key>isa</key>
			<string>PBXGroup</string>
			<key>name</key>
			<string>Theme Views</string>
			<key>sourceTree</key>
			<string>&lt;group&gt;</string>
		</dict>
		<key>862C9F0916C182E70075716E</key>
		<dict>
			<key>fileEncoding</key>
			<string>4</string>
			<key>isa</key>
			<string>PBXFileReference</string>
			<key>lastKnownFileType</key>
			<string>sourcecode.c.h</string>
			<key>path</key>
			<string>UIColor+HexString.h</string>
			<key>sourceTree</key>
			<string>&lt;group&gt;</string>
		</dict>
		<key>862C9F0A16C182E70075716E</key>
		<dict>
			<key>fileEncoding</key>
			<string>4</string>
			<key>isa</key>
			<string>PBXFileReference</string>
			<key>lastKnownFileType</key>
			<string>sourcecode.c.objc</string>
			<key>path</key>
			<string>UIColor+HexString.m</string>
			<key>sourceTree</key>
			<string>&lt;group&gt;</string>
		</dict>
		<key>862C9F0B16C182E70075716E</key>
		<dict>
			<key>fileRef</key>
			<string>862C9F0A16C182E70075716E</string>
			<key>isa</key>
			<string>PBXBuildFile</string>
		</dict>
		<key>862C9F0C16C184BF0075716E</key>
		<dict>
			<key>children</key>
			<array/>
			<key>isa</key>
			<string>PBXGroup</string>
			<key>name</key>
			<string>Themes</string>
			<key>sourceTree</key>
			<string>&lt;group&gt;</string>
		</dict>
		<key>863D2C1916C074070029C6B6</key>
		<dict>
			<key>children</key>
			<array>
				<string>86D53CFA16C15E2C007B1671</string>
				<string>863D2C2D16C074070029C6B6</string>
				<string>863D2C4F16C074070029C6B6</string>
				<string>863D2C2416C074070029C6B6</string>
				<string>86D53D7716C15FD9007B1671</string>
				<string>863D2C2316C074070029C6B6</string>
				<string>86D53D7816C15FE3007B1671</string>
				<string>86D53D6E16C15FC3007B1671</string>
			</array>
			<key>indentWidth</key>
			<string>4</string>
			<key>isa</key>
			<string>PBXGroup</string>
			<key>sourceTree</key>
			<string>&lt;group&gt;</string>
			<key>tabWidth</key>
			<string>4</string>
			<key>usesTabs</key>
			<string>0</string>
		</dict>
		<key>863D2C1A16C074070029C6B6</key>
		<dict>
			<key>attributes</key>
			<dict>
				<key>CLASSPREFIX</key>
				<string>DT</string>
				<key>LastUpgradeCheck</key>
				<string>0460</string>
			</dict>
			<key>buildConfigurationList</key>
			<string>863D2C1D16C074070029C6B6</string>
			<key>compatibilityVersion</key>
			<string>Xcode 3.2</string>
			<key>developmentRegion</key>
			<string>English</string>
			<key>hasScannedForEncodings</key>
			<string>0</string>
			<key>isa</key>
			<string>PBXProject</string>
			<key>knownRegions</key>
			<array>
				<string>en</string>
			</array>
			<key>mainGroup</key>
			<string>863D2C1916C074070029C6B6</string>
			<key>productRefGroup</key>
			<string>863D2C2316C074070029C6B6</string>
			<key>projectDirPath</key>
			<string></string>
			<key>projectRoot</key>
			<string></string>
			<key>targets</key>
			<array>
				<string>863D2C2116C074070029C6B6</string>
				<string>863D2C4616C074070029C6B6</string>
			</array>
		</dict>
		<key>863D2C1D16C074070029C6B6</key>
		<dict>
			<key>buildConfigurations</key>
			<array>
				<string>863D2C5816C074070029C6B6</string>
				<string>863D2C5916C074070029C6B6</string>
			</array>
			<key>defaultConfigurationIsVisible</key>
			<string>0</string>
			<key>defaultConfigurationName</key>
			<string>Release</string>
			<key>isa</key>
			<string>XCConfigurationList</string>
		</dict>
		<key>863D2C1E16C074070029C6B6</key>
		<dict>
			<key>buildActionMask</key>
			<string>2147483647</string>
			<key>files</key>
			<array>
				<string>863D2C3416C074070029C6B6</string>
				<string>863D2C3816C074070029C6B6</string>
				<string>863D2C4116C074070029C6B6</string>
				<string>86D53D0F16C15E2C007B1671</string>
				<string>86D53D1016C15E2C007B1671</string>
				<string>86D53D1116C15E2C007B1671</string>
				<string>86D53D1216C15E2C007B1671</string>
				<string>86D53D1316C15E2C007B1671</string>
				<string>86D53D1416C15E2C007B1671</string>
				<string>86D53D1516C15E2C007B1671</string>
				<string>86D53D1616C15E2C007B1671</string>
				<string>86D53D1716C15E2C007B1671</string>
				<string>86D53D1816C15E2C007B1671</string>
				<string>86D53D7516C15FC3007B1671</string>
				<string>861A660616C17ABC00C81E94</string>
				<string>861A660916C17BF800C81E94</string>
				<string>861A660C16C17D3500C81E94</string>
				<string>861A660F16C17E9800C81E94</string>
				<string>861A661216C17EEE00C81E94</string>
				<string>862C9F0716C182220075716E</string>
				<string>862C9F0B16C182E70075716E</string>
			</array>
			<key>isa</key>
			<string>PBXSourcesBuildPhase</string>
			<key>runOnlyForDeploymentPostprocessing</key>
			<string>0</string>
		</dict>
		<key>863D2C1F16C074070029C6B6</key>
		<dict>
			<key>buildActionMask</key>
			<string>2147483647</string>
			<key>files</key>
			<array>
				<string>862C9F0416C181610075716E</string>
				<string>86D53CF916C15E25007B1671</string>
				<string>863D2C2616C074070029C6B6</string>
				<string>863D2C2816C074070029C6B6</string>
				<string>863D2C2A16C074070029C6B6</string>
				<string>863D2C2C16C074070029C6B6</string>
				<string>C5BABDA6CBF6479C9F2A0AA9</string>
			</array>
			<key>isa</key>
			<string>PBXFrameworksBuildPhase</string>
			<key>runOnlyForDeploymentPostprocessing</key>
			<string>0</string>
		</dict>
		<key>863D2C2016C074070029C6B6</key>
		<dict>
			<key>buildActionMask</key>
			<string>2147483647</string>
			<key>files</key>
			<array>
				<string>863D2C3216C074070029C6B6</string>
				<string>863D2C3A16C074070029C6B6</string>
				<string>863D2C3C16C074070029C6B6</string>
				<string>863D2C3E16C074070029C6B6</string>
				<string>86D53D4616C15F77007B1671</string>
				<string>86D53D4716C15F77007B1671</string>
				<string>86D53D4816C15F77007B1671</string>
				<string>86D53D4916C15F77007B1671</string>
				<string>86D53D4A16C15F77007B1671</string>
				<string>86D53D4B16C15F77007B1671</string>
				<string>86D53D4C16C15F77007B1671</string>
				<string>86D53D4D16C15F77007B1671</string>
				<string>86D53D4E16C15F77007B1671</string>
				<string>86D53D4F16C15F77007B1671</string>
				<string>86D53D5016C15F77007B1671</string>
				<string>86D53D5116C15F77007B1671</string>
				<string>86D53D5216C15F77007B1671</string>
				<string>86D53D5316C15F77007B1671</string>
				<string>86D53D5416C15F77007B1671</string>
				<string>86D53D5516C15F77007B1671</string>
				<string>86D53D5616C15F77007B1671</string>
				<string>86D53D5716C15F77007B1671</string>
				<string>86D53D5816C15F77007B1671</string>
				<string>86D53D5916C15F77007B1671</string>
				<string>86D53D5A16C15F77007B1671</string>
				<string>86D53D5B16C15F77007B1671</string>
				<string>86D53D5C16C15F77007B1671</string>
				<string>86D53D5D16C15F77007B1671</string>
				<string>86D53D5E16C15F77007B1671</string>
				<string>86D53D5F16C15F77007B1671</string>
				<string>86D53D6016C15F77007B1671</string>
				<string>86D53D6116C15F77007B1671</string>
				<string>86D53D6216C15F77007B1671</string>
				<string>86D53D6316C15F77007B1671</string>
				<string>86D53D6416C15F77007B1671</string>
				<string>86D53D6516C15F77007B1671</string>
				<string>86D53D6616C15F77007B1671</string>
				<string>86D53D6716C15F77007B1671</string>
				<string>86D53D6816C15F77007B1671</string>
				<string>86D53D6916C15F77007B1671</string>
				<string>86D53D6A16C15F77007B1671</string>
				<string>86D53D6B16C15F77007B1671</string>
				<string>86D53D6C16C15F77007B1671</string>
				<string>86D53D6D16C15F77007B1671</string>
			</array>
			<key>isa</key>
			<string>PBXResourcesBuildPhase</string>
			<key>runOnlyForDeploymentPostprocessing</key>
			<string>0</string>
		</dict>
		<key>863D2C2116C074070029C6B6</key>
		<dict>
			<key>buildConfigurationList</key>
			<string>863D2C5A16C074070029C6B6</string>
			<key>buildPhases</key>
			<array>
				<string>863D2C1E16C074070029C6B6</string>
				<string>863D2C1F16C074070029C6B6</string>
				<string>863D2C2016C074070029C6B6</string>
				<string>00B8142D337C437C99161A72</string>
				<string>F50A75FCFAB24387AC60D445</string>
			</array>
			<key>buildRules</key>
			<array/>
			<key>dependencies</key>
			<array/>
			<key>isa</key>
			<string>PBXNativeTarget</string>
			<key>name</key>
			<string>DT</string>
			<key>productName</key>
			<string>DT</string>
			<key>productReference</key>
			<string>863D2C2216C074070029C6B6</string>
			<key>productType</key>
			<string>com.apple.product-type.application</string>
		</dict>
		<key>863D2C2216C074070029C6B6</key>
		<dict>
			<key>explicitFileType</key>
			<string>wrapper.application</string>
			<key>includeInIndex</key>
			<string>0</string>
			<key>isa</key>
			<string>PBXFileReference</string>
			<key>name</key>
			<string>DT.app</string>
			<key>path</key>
			<string>DT.app</string>
			<key>sourceTree</key>
			<string>BUILT_PRODUCTS_DIR</string>
		</dict>
		<key>863D2C2316C074070029C6B6</key>
		<dict>
			<key>children</key>
			<array>
				<string>863D2C2216C074070029C6B6</string>
				<string>863D2C4716C074070029C6B6</string>
			</array>
			<key>isa</key>
			<string>PBXGroup</string>
			<key>name</key>
			<string>Products</string>
			<key>sourceTree</key>
			<string>&lt;group&gt;</string>
		</dict>
		<key>863D2C2416C074070029C6B6</key>
		<dict>
			<key>children</key>
			<array>
				<string>862C9F0316C181610075716E</string>
				<string>86D53CF816C15E25007B1671</string>
				<string>863D2C2516C074070029C6B6</string>
				<string>863D2C2716C074070029C6B6</string>
				<string>863D2C2916C074070029C6B6</string>
				<string>863D2C2B16C074070029C6B6</string>
				<string>863D2C4816C074070029C6B6</string>
				<string>A362895EB1C948A8B9212C51</string>
			</array>
			<key>isa</key>
			<string>PBXGroup</string>
			<key>name</key>
			<string>Frameworks</string>
			<key>sourceTree</key>
			<string>&lt;group&gt;</string>
		</dict>
		<key>863D2C2516C074070029C6B6</key>
		<dict>
			<key>isa</key>
			<string>PBXFileReference</string>
			<key>lastKnownFileType</key>
			<string>wrapper.framework</string>
			<key>name</key>
			<string>UIKit.framework</string>
			<key>path</key>
			<string>System/Library/Frameworks/UIKit.framework</string>
			<key>sourceTree</key>
			<string>SDKROOT</string>
		</dict>
		<key>863D2C2616C074070029C6B6</key>
		<dict>
			<key>fileRef</key>
			<string>863D2C2516C074070029C6B6</string>
			<key>isa</key>
			<string>PBXBuildFile</string>
		</dict>
		<key>863D2C2716C074070029C6B6</key>
		<dict>
			<key>isa</key>
			<string>PBXFileReference</string>
			<key>lastKnownFileType</key>
			<string>wrapper.framework</string>
			<key>name</key>
			<string>Foundation.framework</string>
			<key>path</key>
			<string>System/Library/Frameworks/Foundation.framework</string>
			<key>sourceTree</key>
			<string>SDKROOT</string>
		</dict>
		<key>863D2C2816C074070029C6B6</key>
		<dict>
			<key>fileRef</key>
			<string>863D2C2716C074070029C6B6</string>
			<key>isa</key>
			<string>PBXBuildFile</string>
		</dict>
		<key>863D2C2916C074070029C6B6</key>
		<dict>
			<key>isa</key>
			<string>PBXFileReference</string>
			<key>lastKnownFileType</key>
			<string>wrapper.framework</string>
			<key>name</key>
			<string>CoreGraphics.framework</string>
			<key>path</key>
			<string>System/Library/Frameworks/CoreGraphics.framework</string>
			<key>sourceTree</key>
			<string>SDKROOT</string>
		</dict>
		<key>863D2C2A16C074070029C6B6</key>
		<dict>
			<key>fileRef</key>
			<string>863D2C2916C074070029C6B6</string>
			<key>isa</key>
			<string>PBXBuildFile</string>
		</dict>
		<key>863D2C2B16C074070029C6B6</key>
		<dict>
			<key>isa</key>
			<string>PBXFileReference</string>
			<key>lastKnownFileType</key>
			<string>wrapper.framework</string>
			<key>name</key>
			<string>CoreData.framework</string>
			<key>path</key>
			<string>System/Library/Frameworks/CoreData.framework</string>
			<key>sourceTree</key>
			<string>SDKROOT</string>
		</dict>
		<key>863D2C2C16C074070029C6B6</key>
		<dict>
			<key>fileRef</key>
			<string>863D2C2B16C074070029C6B6</string>
			<key>isa</key>
			<string>PBXBuildFile</string>
		</dict>
		<key>863D2C2D16C074070029C6B6</key>
		<dict>
			<key>children</key>
			<array>
				<string>86D53D7B16C16051007B1671</string>
				<string>86D53D7916C16037007B1671</string>
				<string>86D53D7E16C1606F007B1671</string>
				<string>86D53D7D16C1605C007B1671</string>
				<string>86D53D7C16C16057007B1671</string>
			</array>
			<key>isa</key>
			<string>PBXGroup</string>
			<key>name</key>
			<string>Classes</string>
			<key>path</key>
			<string>DT</string>
			<key>sourceTree</key>
			<string>&lt;group&gt;</string>
		</dict>
		<key>863D2C2F16C074070029C6B6</key>
		<dict>
			<key>isa</key>
			<string>PBXFileReference</string>
			<key>lastKnownFileType</key>
			<string>text.plist.xml</string>
			<key>path</key>
			<string>DT-Info.plist</string>
			<key>sourceTree</key>
			<string>&lt;group&gt;</string>
		</dict>
		<key>863D2C3016C074070029C6B6</key>
		<dict>
			<key>children</key>
			<array>
				<string>863D2C3116C074070029C6B6</string>
			</array>
			<key>isa</key>
			<string>PBXVariantGroup</string>
			<key>name</key>
			<string>InfoPlist.strings</string>
			<key>sourceTree</key>
			<string>&lt;group&gt;</string>
		</dict>
		<key>863D2C3116C074070029C6B6</key>
		<dict>
			<key>isa</key>
			<string>PBXFileReference</string>
			<key>lastKnownFileType</key>
			<string>text.plist.strings</string>
			<key>name</key>
			<string>en</string>
			<key>path</key>
			<string>en.lproj/InfoPlist.strings</string>
			<key>sourceTree</key>
			<string>&lt;group&gt;</string>
		</dict>
		<key>863D2C3216C074070029C6B6</key>
		<dict>
			<key>fileRef</key>
			<string>863D2C3016C074070029C6B6</string>
			<key>isa</key>
			<string>PBXBuildFile</string>
		</dict>
		<key>863D2C3316C074070029C6B6</key>
		<dict>
			<key>isa</key>
			<string>PBXFileReference</string>
			<key>lastKnownFileType</key>
			<string>sourcecode.c.objc</string>
			<key>path</key>
			<string>main.m</string>
			<key>sourceTree</key>
			<string>&lt;group&gt;</string>
		</dict>
		<key>863D2C3416C074070029C6B6</key>
		<dict>
			<key>fileRef</key>
			<string>863D2C3316C074070029C6B6</string>
			<key>isa</key>
			<string>PBXBuildFile</string>
		</dict>
		<key>863D2C3516C074070029C6B6</key>
		<dict>
			<key>isa</key>
			<string>PBXFileReference</string>
			<key>lastKnownFileType</key>
			<string>sourcecode.c.h</string>
			<key>path</key>
			<string>DT-Prefix.pch</string>
			<key>sourceTree</key>
			<string>&lt;group&gt;</string>
		</dict>
		<key>863D2C3616C074070029C6B6</key>
		<dict>
			<key>isa</key>
			<string>PBXFileReference</string>
			<key>lastKnownFileType</key>
			<string>sourcecode.c.h</string>
			<key>path</key>
			<string>AppDelegate.h</string>
			<key>sourceTree</key>
			<string>&lt;group&gt;</string>
		</dict>
		<key>863D2C3716C074070029C6B6</key>
		<dict>
			<key>isa</key>
			<string>PBXFileReference</string>
			<key>lastKnownFileType</key>
			<string>sourcecode.c.objc</string>
			<key>path</key>
			<string>AppDelegate.m</string>
			<key>sourceTree</key>
			<string>&lt;group&gt;</string>
		</dict>
		<key>863D2C3816C074070029C6B6</key>
		<dict>
			<key>fileRef</key>
			<string>863D2C3716C074070029C6B6</string>
			<key>isa</key>
			<string>PBXBuildFile</string>
		</dict>
		<key>863D2C3916C074070029C6B6</key>
		<dict>
			<key>isa</key>
			<string>PBXFileReference</string>
			<key>lastKnownFileType</key>
			<string>image.png</string>
			<key>name</key>
			<string>Default.png</string>
			<key>path</key>
			<string>../DT/Default.png</string>
			<key>sourceTree</key>
			<string>&lt;group&gt;</string>
		</dict>
		<key>863D2C3A16C074070029C6B6</key>
		<dict>
			<key>fileRef</key>
			<string>863D2C3916C074070029C6B6</string>
			<key>isa</key>
			<string>PBXBuildFile</string>
		</dict>
		<key>863D2C3B16C074070029C6B6</key>
		<dict>
			<key>isa</key>
			<string>PBXFileReference</string>
			<key>lastKnownFileType</key>
			<string>image.png</string>
			<key>name</key>
			<string>Default@2x.png</string>
			<key>path</key>
			<string>../DT/Default@2x.png</string>
			<key>sourceTree</key>
			<string>&lt;group&gt;</string>
		</dict>
		<key>863D2C3C16C074070029C6B6</key>
		<dict>
			<key>fileRef</key>
			<string>863D2C3B16C074070029C6B6</string>
			<key>isa</key>
			<string>PBXBuildFile</string>
		</dict>
		<key>863D2C3D16C074070029C6B6</key>
		<dict>
			<key>isa</key>
			<string>PBXFileReference</string>
			<key>lastKnownFileType</key>
			<string>image.png</string>
			<key>name</key>
			<string>Default-568h@2x.png</string>
			<key>path</key>
			<string>../DT/Default-568h@2x.png</string>
			<key>sourceTree</key>
			<string>&lt;group&gt;</string>
		</dict>
		<key>863D2C3E16C074070029C6B6</key>
		<dict>
			<key>fileRef</key>
			<string>863D2C3D16C074070029C6B6</string>
			<key>isa</key>
			<string>PBXBuildFile</string>
		</dict>
		<key>863D2C3F16C074070029C6B6</key>
		<dict>
			<key>children</key>
			<array>
				<string>863D2C4016C074070029C6B6</string>
			</array>
			<key>currentVersion</key>
			<string>863D2C4016C074070029C6B6</string>
			<key>isa</key>
			<string>XCVersionGroup</string>
			<key>path</key>
			<string>DT.xcdatamodeld</string>
			<key>sourceTree</key>
			<string>&lt;group&gt;</string>
			<key>versionGroupType</key>
			<string>wrapper.xcdatamodel</string>
		</dict>
		<key>863D2C4016C074070029C6B6</key>
		<dict>
			<key>isa</key>
			<string>PBXFileReference</string>
			<key>lastKnownFileType</key>
			<string>wrapper.xcdatamodel</string>
			<key>path</key>
			<string>DT.xcdatamodel</string>
			<key>sourceTree</key>
			<string>&lt;group&gt;</string>
		</dict>
		<key>863D2C4116C074070029C6B6</key>
		<dict>
			<key>fileRef</key>
			<string>863D2C3F16C074070029C6B6</string>
			<key>isa</key>
			<string>PBXBuildFile</string>
		</dict>
		<key>863D2C4216C074070029C6B6</key>
		<dict>
			<key>buildActionMask</key>
			<string>2147483647</string>
			<key>files</key>
			<array>
				<string>863D2C5716C074070029C6B6</string>
			</array>
			<key>isa</key>
			<string>PBXSourcesBuildPhase</string>
			<key>runOnlyForDeploymentPostprocessing</key>
			<string>0</string>
		</dict>
		<key>863D2C4316C074070029C6B6</key>
		<dict>
			<key>buildActionMask</key>
			<string>2147483647</string>
			<key>files</key>
			<array>
				<string>863D2C4916C074070029C6B6</string>
				<string>863D2C4A16C074070029C6B6</string>
				<string>863D2C4B16C074070029C6B6</string>
				<string>863D2C4C16C074070029C6B6</string>
			</array>
			<key>isa</key>
			<string>PBXFrameworksBuildPhase</string>
			<key>runOnlyForDeploymentPostprocessing</key>
			<string>0</string>
		</dict>
		<key>863D2C4416C074070029C6B6</key>
		<dict>
			<key>buildActionMask</key>
			<string>2147483647</string>
			<key>files</key>
			<array>
				<string>863D2C5416C074070029C6B6</string>
			</array>
			<key>isa</key>
			<string>PBXResourcesBuildPhase</string>
			<key>runOnlyForDeploymentPostprocessing</key>
			<string>0</string>
		</dict>
		<key>863D2C4516C074070029C6B6</key>
		<dict>
			<key>buildActionMask</key>
			<string>2147483647</string>
			<key>files</key>
			<array/>
			<key>inputPaths</key>
			<array/>
			<key>isa</key>
			<string>PBXShellScriptBuildPhase</string>
			<key>outputPaths</key>
			<array/>
			<key>runOnlyForDeploymentPostprocessing</key>
			<string>0</string>
			<key>shellPath</key>
			<string>/bin/sh</string>
			<key>shellScript</key>
			<string># Run the unit tests in this test bundle.
"${SYSTEM_DEVELOPER_DIR}/Tools/RunUnitTests"
</string>
		</dict>
		<key>863D2C4616C074070029C6B6</key>
		<dict>
			<key>buildConfigurationList</key>
			<string>863D2C5D16C074070029C6B6</string>
			<key>buildPhases</key>
			<array>
				<string>863D2C4216C074070029C6B6</string>
				<string>863D2C4316C074070029C6B6</string>
				<string>863D2C4416C074070029C6B6</string>
				<string>863D2C4516C074070029C6B6</string>
			</array>
			<key>buildRules</key>
			<array/>
			<key>dependencies</key>
			<array>
				<string>863D2C4E16C074070029C6B6</string>
			</array>
			<key>isa</key>
			<string>PBXNativeTarget</string>
			<key>name</key>
			<string>DTTests</string>
			<key>productName</key>
			<string>DTTests</string>
			<key>productReference</key>
			<string>863D2C4716C074070029C6B6</string>
			<key>productType</key>
			<string>com.apple.product-type.bundle</string>
		</dict>
		<key>863D2C4716C074070029C6B6</key>
		<dict>
			<key>explicitFileType</key>
			<string>wrapper.cfbundle</string>
			<key>includeInIndex</key>
			<string>0</string>
			<key>isa</key>
			<string>PBXFileReference</string>
			<key>name</key>
			<string>DTTests.octest</string>
			<key>path</key>
			<string>DTTests.octest</string>
			<key>sourceTree</key>
			<string>BUILT_PRODUCTS_DIR</string>
		</dict>
		<key>863D2C4816C074070029C6B6</key>
		<dict>
			<key>isa</key>
			<string>PBXFileReference</string>
			<key>lastKnownFileType</key>
			<string>wrapper.framework</string>
			<key>name</key>
			<string>SenTestingKit.framework</string>
			<key>path</key>
			<string>Library/Frameworks/SenTestingKit.framework</string>
			<key>sourceTree</key>
			<string>DEVELOPER_DIR</string>
		</dict>
		<key>863D2C4916C074070029C6B6</key>
		<dict>
			<key>fileRef</key>
			<string>863D2C4816C074070029C6B6</string>
			<key>isa</key>
			<string>PBXBuildFile</string>
		</dict>
		<key>863D2C4A16C074070029C6B6</key>
		<dict>
			<key>fileRef</key>
			<string>863D2C2516C074070029C6B6</string>
			<key>isa</key>
			<string>PBXBuildFile</string>
		</dict>
		<key>863D2C4B16C074070029C6B6</key>
		<dict>
			<key>fileRef</key>
			<string>863D2C2716C074070029C6B6</string>
			<key>isa</key>
			<string>PBXBuildFile</string>
		</dict>
		<key>863D2C4C16C074070029C6B6</key>
		<dict>
			<key>fileRef</key>
			<string>863D2C2B16C074070029C6B6</string>
			<key>isa</key>
			<string>PBXBuildFile</string>
		</dict>
		<key>863D2C4D16C074070029C6B6</key>
		<dict>
			<key>containerPortal</key>
			<string>863D2C1A16C074070029C6B6</string>
			<key>isa</key>
			<string>PBXContainerItemProxy</string>
			<key>proxyType</key>
			<string>1</string>
			<key>remoteGlobalIDString</key>
			<string>863D2C2116C074070029C6B6</string>
			<key>remoteInfo</key>
			<string>DT</string>
		</dict>
		<key>863D2C4E16C074070029C6B6</key>
		<dict>
			<key>isa</key>
			<string>PBXTargetDependency</string>
			<key>target</key>
			<string>863D2C2116C074070029C6B6</string>
			<key>targetProxy</key>
			<string>863D2C4D16C074070029C6B6</string>
		</dict>
		<key>863D2C4F16C074070029C6B6</key>
		<dict>
			<key>children</key>
			<array>
				<string>863D2C5516C074070029C6B6</string>
				<string>863D2C5616C074070029C6B6</string>
				<string>863D2C5016C074070029C6B6</string>
			</array>
			<key>isa</key>
			<string>PBXGroup</string>
			<key>path</key>
			<string>DTTests</string>
			<key>sourceTree</key>
			<string>&lt;group&gt;</string>
		</dict>
		<key>863D2C5016C074070029C6B6</key>
		<dict>
			<key>children</key>
			<array>
				<string>863D2C5116C074070029C6B6</string>
				<string>863D2C5216C074070029C6B6</string>
			</array>
			<key>isa</key>
			<string>PBXGroup</string>
			<key>name</key>
			<string>Supporting Files</string>
			<key>sourceTree</key>
			<string>&lt;group&gt;</string>
		</dict>
		<key>863D2C5116C074070029C6B6</key>
		<dict>
			<key>isa</key>
			<string>PBXFileReference</string>
			<key>lastKnownFileType</key>
			<string>text.plist.xml</string>
			<key>path</key>
			<string>DTTests-Info.plist</string>
			<key>sourceTree</key>
			<string>&lt;group&gt;</string>
		</dict>
		<key>863D2C5216C074070029C6B6</key>
		<dict>
			<key>children</key>
			<array>
				<string>863D2C5316C074070029C6B6</string>
			</array>
			<key>isa</key>
			<string>PBXVariantGroup</string>
			<key>name</key>
			<string>InfoPlist.strings</string>
			<key>sourceTree</key>
			<string>&lt;group&gt;</string>
		</dict>
		<key>863D2C5316C074070029C6B6</key>
		<dict>
			<key>isa</key>
			<string>PBXFileReference</string>
			<key>lastKnownFileType</key>
			<string>text.plist.strings</string>
			<key>name</key>
			<string>en</string>
			<key>path</key>
			<string>en.lproj/InfoPlist.strings</string>
			<key>sourceTree</key>
			<string>&lt;group&gt;</string>
		</dict>
		<key>863D2C5416C074070029C6B6</key>
		<dict>
			<key>fileRef</key>
			<string>863D2C5216C074070029C6B6</string>
			<key>isa</key>
			<string>PBXBuildFile</string>
		</dict>
		<key>863D2C5516C074070029C6B6</key>
		<dict>
			<key>isa</key>
			<string>PBXFileReference</string>
			<key>lastKnownFileType</key>
			<string>sourcecode.c.h</string>
			<key>path</key>
			<string>DTTests.h</string>
			<key>sourceTree</key>
			<string>&lt;group&gt;</string>
		</dict>
		<key>863D2C5616C074070029C6B6</key>
		<dict>
			<key>isa</key>
			<string>PBXFileReference</string>
			<key>lastKnownFileType</key>
			<string>sourcecode.c.objc</string>
			<key>path</key>
			<string>DTTests.m</string>
			<key>sourceTree</key>
			<string>&lt;group&gt;</string>
		</dict>
		<key>863D2C5716C074070029C6B6</key>
		<dict>
			<key>fileRef</key>
			<string>863D2C5616C074070029C6B6</string>
			<key>isa</key>
			<string>PBXBuildFile</string>
		</dict>
		<key>863D2C5816C074070029C6B6</key>
		<dict>
			<key>buildSettings</key>
			<dict>
				<key>ALWAYS_SEARCH_USER_PATHS</key>
				<string>NO</string>
				<key>CLANG_CXX_LANGUAGE_STANDARD</key>
				<string>gnu++0x</string>
				<key>CLANG_CXX_LIBRARY</key>
				<string>libc++</string>
				<key>CLANG_ENABLE_OBJC_ARC</key>
				<string>YES</string>
				<key>CLANG_WARN_CONSTANT_CONVERSION</key>
				<string>YES</string>
				<key>CLANG_WARN_EMPTY_BODY</key>
				<string>YES</string>
				<key>CLANG_WARN_ENUM_CONVERSION</key>
				<string>YES</string>
				<key>CLANG_WARN_INT_CONVERSION</key>
				<string>YES</string>
				<key>CLANG_WARN__DUPLICATE_METHOD_MATCH</key>
				<string>YES</string>
				<key>CODE_SIGN_IDENTITY[sdk=iphoneos*]</key>
				<string>iPhone Developer</string>
				<key>COPY_PHASE_STRIP</key>
				<string>NO</string>
				<key>GCC_C_LANGUAGE_STANDARD</key>
				<string>gnu99</string>
				<key>GCC_DYNAMIC_NO_PIC</key>
				<string>NO</string>
				<key>GCC_OPTIMIZATION_LEVEL</key>
				<string>0</string>
				<key>GCC_PREPROCESSOR_DEFINITIONS</key>
				<array>
					<string>DEBUG=1</string>
					<string>$(inherited)</string>
				</array>
				<key>GCC_SYMBOLS_PRIVATE_EXTERN</key>
				<string>NO</string>
				<key>GCC_WARN_64_TO_32_BIT_CONVERSION</key>
				<string>YES</string>
				<key>GCC_WARN_ABOUT_MISSING_FIELD_INITIALIZERS</key>
				<string>YES</string>
				<key>GCC_WARN_ABOUT_MISSING_NEWLINE</key>
				<string>YES</string>
				<key>GCC_WARN_ABOUT_RETURN_TYPE</key>
				<string>YES</string>
				<key>GCC_WARN_CHECK_SWITCH_STATEMENTS</key>
				<string>YES</string>
				<key>GCC_WARN_INITIALIZER_NOT_FULLY_BRACKETED</key>
				<string>YES</string>
				<key>GCC_WARN_MISSING_PARENTHESES</key>
				<string>YES</string>
				<key>GCC_WARN_SHADOW</key>
				<string>YES</string>
				<key>GCC_WARN_SIGN_COMPARE</key>
				<string>YES</string>
				<key>GCC_WARN_TYPECHECK_CALLS_TO_PRINTF</key>
				<string>YES</string>
				<key>GCC_WARN_UNDECLARED_SELECTOR</key>
				<string>YES</string>
				<key>GCC_WARN_UNINITIALIZED_AUTOS</key>
				<string>YES</string>
				<key>GCC_WARN_UNUSED_FUNCTION</key>
				<string>YES</string>
				<key>GCC_WARN_UNUSED_LABEL</key>
				<string>YES</string>
				<key>GCC_WARN_UNUSED_VALUE</key>
				<string>YES</string>
				<key>GCC_WARN_UNUSED_VARIABLE</key>
				<string>YES</string>
				<key>IPHONEOS_DEPLOYMENT_TARGET</key>
				<string>6.1</string>
				<key>ONLY_ACTIVE_ARCH</key>
				<string>YES</string>
				<key>RUN_CLANG_STATIC_ANALYZER</key>
				<string>YES</string>
				<key>SDKROOT</key>
				<string>iphoneos</string>
			</dict>
			<key>isa</key>
			<string>XCBuildConfiguration</string>
			<key>name</key>
			<string>Debug</string>
		</dict>
		<key>863D2C5916C074070029C6B6</key>
		<dict>
			<key>buildSettings</key>
			<dict>
				<key>ALWAYS_SEARCH_USER_PATHS</key>
				<string>NO</string>
				<key>CLANG_CXX_LANGUAGE_STANDARD</key>
				<string>gnu++0x</string>
				<key>CLANG_CXX_LIBRARY</key>
				<string>libc++</string>
				<key>CLANG_ENABLE_OBJC_ARC</key>
				<string>YES</string>
				<key>CLANG_WARN_CONSTANT_CONVERSION</key>
				<string>YES</string>
				<key>CLANG_WARN_EMPTY_BODY</key>
				<string>YES</string>
				<key>CLANG_WARN_ENUM_CONVERSION</key>
				<string>YES</string>
				<key>CLANG_WARN_INT_CONVERSION</key>
				<string>YES</string>
				<key>CLANG_WARN__DUPLICATE_METHOD_MATCH</key>
				<string>YES</string>
				<key>CODE_SIGN_IDENTITY[sdk=iphoneos*]</key>
				<string>iPhone Developer</string>
				<key>COPY_PHASE_STRIP</key>
				<string>YES</string>
				<key>GCC_C_LANGUAGE_STANDARD</key>
				<string>gnu99</string>
				<key>GCC_WARN_64_TO_32_BIT_CONVERSION</key>
				<string>YES</string>
				<key>GCC_WARN_ABOUT_MISSING_FIELD_INITIALIZERS</key>
				<string>YES</string>
				<key>GCC_WARN_ABOUT_MISSING_NEWLINE</key>
				<string>YES</string>
				<key>GCC_WARN_ABOUT_RETURN_TYPE</key>
				<string>YES</string>
				<key>GCC_WARN_CHECK_SWITCH_STATEMENTS</key>
				<string>YES</string>
				<key>GCC_WARN_INITIALIZER_NOT_FULLY_BRACKETED</key>
				<string>YES</string>
				<key>GCC_WARN_MISSING_PARENTHESES</key>
				<string>YES</string>
				<key>GCC_WARN_SHADOW</key>
				<string>YES</string>
				<key>GCC_WARN_SIGN_COMPARE</key>
				<string>YES</string>
				<key>GCC_WARN_TYPECHECK_CALLS_TO_PRINTF</key>
				<string>YES</string>
				<key>GCC_WARN_UNDECLARED_SELECTOR</key>
				<string>YES</string>
				<key>GCC_WARN_UNINITIALIZED_AUTOS</key>
				<string>YES</string>
				<key>GCC_WARN_UNUSED_FUNCTION</key>
				<string>YES</string>
				<key>GCC_WARN_UNUSED_LABEL</key>
				<string>YES</string>
				<key>GCC_WARN_UNUSED_VALUE</key>
				<string>YES</string>
				<key>GCC_WARN_UNUSED_VARIABLE</key>
				<string>YES</string>
				<key>IPHONEOS_DEPLOYMENT_TARGET</key>
				<string>6.1</string>
				<key>OTHER_CFLAGS</key>
				<string>-DNS_BLOCK_ASSERTIONS=1</string>
				<key>RUN_CLANG_STATIC_ANALYZER</key>
				<string>YES</string>
				<key>SDKROOT</key>
				<string>iphoneos</string>
				<key>VALIDATE_PRODUCT</key>
				<string>YES</string>
			</dict>
			<key>isa</key>
			<string>XCBuildConfiguration</string>
			<key>name</key>
			<string>Release</string>
		</dict>
		<key>863D2C5A16C074070029C6B6</key>
		<dict>
			<key>buildConfigurations</key>
			<array>
				<string>863D2C5B16C074070029C6B6</string>
				<string>863D2C5C16C074070029C6B6</string>
			</array>
			<key>defaultConfigurationIsVisible</key>
			<string>0</string>
			<key>defaultConfigurationName</key>
			<string>Release</string>
			<key>isa</key>
			<string>XCConfigurationList</string>
		</dict>
		<key>863D2C5B16C074070029C6B6</key>
		<dict>
			<key>baseConfigurationReference</key>
			<string>8C90F566356E4EB98541B640</string>
			<key>buildSettings</key>
			<dict>
				<key>ENVIRONMENT_SUFFIX</key>
				<string>-dev</string>
				<key>GCC_PRECOMPILE_PREFIX_HEADER</key>
				<string>YES</string>
				<key>GCC_PREFIX_HEADER</key>
				<string>DT/DT-Prefix.pch</string>
				<key>INFOPLIST_FILE</key>
				<string>DT/DT-Info.plist</string>
				<key>PRODUCT_NAME</key>
				<string>$(TARGET_NAME)</string>
				<key>WRAPPER_EXTENSION</key>
				<string>app</string>
			</dict>
			<key>isa</key>
			<string>XCBuildConfiguration</string>
			<key>name</key>
			<string>Debug</string>
		</dict>
		<key>863D2C5C16C074070029C6B6</key>
		<dict>
			<key>baseConfigurationReference</key>
			<string>8C90F566356E4EB98541B640</string>
			<key>buildSettings</key>
			<dict>
				<key>ENVIRONMENT_SUFFIX</key>
				<string></string>
				<key>GCC_PRECOMPILE_PREFIX_HEADER</key>
				<string>YES</string>
				<key>GCC_PREFIX_HEADER</key>
				<string>DT/DT-Prefix.pch</string>
				<key>GCC_TREAT_WARNINGS_AS_ERRORS</key>
				<string>YES</string>
				<key>INFOPLIST_FILE</key>
				<string>DT/DT-Info.plist</string>
				<key>PRODUCT_NAME</key>
				<string>$(TARGET_NAME)</string>
				<key>WRAPPER_EXTENSION</key>
				<string>app</string>
			</dict>
			<key>isa</key>
			<string>XCBuildConfiguration</string>
			<key>name</key>
			<string>Release</string>
		</dict>
		<key>863D2C5D16C074070029C6B6</key>
		<dict>
			<key>buildConfigurations</key>
			<array>
				<string>863D2C5E16C074070029C6B6</string>
				<string>863D2C5F16C074070029C6B6</string>
			</array>
			<key>defaultConfigurationIsVisible</key>
			<string>0</string>
			<key>defaultConfigurationName</key>
			<string>Release</string>
			<key>isa</key>
			<string>XCConfigurationList</string>
		</dict>
		<key>863D2C5E16C074070029C6B6</key>
		<dict>
			<key>buildSettings</key>
			<dict>
				<key>BUNDLE_LOADER</key>
				<string>$(BUILT_PRODUCTS_DIR)/DT.app/DT</string>
				<key>FRAMEWORK_SEARCH_PATHS</key>
				<array>
					<string>"$(SDKROOT)/Developer/Library/Frameworks"</string>
					<string>"$(DEVELOPER_LIBRARY_DIR)/Frameworks"</string>
				</array>
				<key>GCC_PRECOMPILE_PREFIX_HEADER</key>
				<string>YES</string>
				<key>GCC_PREFIX_HEADER</key>
				<string>DT/DT-Prefix.pch</string>
				<key>INFOPLIST_FILE</key>
				<string>DTTests/DTTests-Info.plist</string>
				<key>PRODUCT_NAME</key>
				<string>$(TARGET_NAME)</string>
				<key>TEST_HOST</key>
				<string>$(BUNDLE_LOADER)</string>
				<key>WRAPPER_EXTENSION</key>
				<string>octest</string>
			</dict>
			<key>isa</key>
			<string>XCBuildConfiguration</string>
			<key>name</key>
			<string>Debug</string>
		</dict>
		<key>863D2C5F16C074070029C6B6</key>
		<dict>
			<key>buildSettings</key>
			<dict>
				<key>BUNDLE_LOADER</key>
				<string>$(BUILT_PRODUCTS_DIR)/DT.app/DT</string>
				<key>FRAMEWORK_SEARCH_PATHS</key>
				<array>
					<string>"$(SDKROOT)/Developer/Library/Frameworks"</string>
					<string>"$(DEVELOPER_LIBRARY_DIR)/Frameworks"</string>
				</array>
				<key>GCC_PRECOMPILE_PREFIX_HEADER</key>
				<string>YES</string>
				<key>GCC_PREFIX_HEADER</key>
				<string>DT/DT-Prefix.pch</string>
				<key>INFOPLIST_FILE</key>
				<string>DTTests/DTTests-Info.plist</string>
				<key>PRODUCT_NAME</key>
				<string>$(TARGET_NAME)</string>
				<key>TEST_HOST</key>
				<string>$(BUNDLE_LOADER)</string>
				<key>WRAPPER_EXTENSION</key>
				<string>octest</string>
			</dict>
			<key>isa</key>
			<string>XCBuildConfiguration</string>
			<key>name</key>
			<string>Release</string>
		</dict>
		<key>86D53CF816C15E25007B1671</key>
		<dict>
			<key>isa</key>
			<string>PBXFileReference</string>
			<key>lastKnownFileType</key>
			<string>wrapper.framework</string>
			<key>name</key>
			<string>QuartzCore.framework</string>
			<key>path</key>
			<string>System/Library/Frameworks/QuartzCore.framework</string>
			<key>sourceTree</key>
			<string>SDKROOT</string>
		</dict>
		<key>86D53CF916C15E25007B1671</key>
		<dict>
			<key>fileRef</key>
			<string>86D53CF816C15E25007B1671</string>
			<key>isa</key>
			<string>PBXBuildFile</string>
		</dict>
		<key>86D53CFA16C15E2C007B1671</key>
		<dict>
			<key>children</key>
			<array>
				<string>86D53CFB16C15E2C007B1671</string>
				<string>86D53CFC16C15E2C007B1671</string>
				<string>86D53CFD16C15E2C007B1671</string>
				<string>86D53CFE16C15E2C007B1671</string>
				<string>86D53CFF16C15E2C007B1671</string>
				<string>86D53D0016C15E2C007B1671</string>
				<string>86D53D0116C15E2C007B1671</string>
				<string>86D53D0216C15E2C007B1671</string>
				<string>86D53D0316C15E2C007B1671</string>
				<string>86D53D0416C15E2C007B1671</string>
				<string>86D53D0516C15E2C007B1671</string>
				<string>86D53D0616C15E2C007B1671</string>
				<string>86D53D0716C15E2C007B1671</string>
				<string>86D53D0816C15E2C007B1671</string>
				<string>86D53D0916C15E2C007B1671</string>
				<string>86D53D0A16C15E2C007B1671</string>
				<string>86D53D0B16C15E2C007B1671</string>
				<string>86D53D0C16C15E2C007B1671</string>
				<string>86D53D0D16C15E2C007B1671</string>
				<string>86D53D0E16C15E2C007B1671</string>
			</array>
			<key>isa</key>
			<string>PBXGroup</string>
			<key>path</key>
			<string>Categories</string>
			<key>sourceTree</key>
			<string>&lt;group&gt;</string>
		</dict>
		<key>86D53CFB16C15E2C007B1671</key>
		<dict>
			<key>fileEncoding</key>
			<string>4</string>
			<key>isa</key>
			<string>PBXFileReference</string>
			<key>lastKnownFileType</key>
			<string>sourcecode.c.h</string>
			<key>path</key>
			<string>NSObject+AutoKeyValue.h</string>
			<key>sourceTree</key>
			<string>&lt;group&gt;</string>
		</dict>
		<key>86D53CFC16C15E2C007B1671</key>
		<dict>
			<key>fileEncoding</key>
			<string>4</string>
			<key>isa</key>
			<string>PBXFileReference</string>
			<key>lastKnownFileType</key>
			<string>sourcecode.c.objc</string>
			<key>path</key>
			<string>NSObject+AutoKeyValue.m</string>
			<key>sourceTree</key>
			<string>&lt;group&gt;</string>
		</dict>
		<key>86D53CFD16C15E2C007B1671</key>
		<dict>
			<key>fileEncoding</key>
			<string>4</string>
			<key>isa</key>
			<string>PBXFileReference</string>
			<key>lastKnownFileType</key>
			<string>sourcecode.c.h</string>
			<key>path</key>
			<string>NSString+StringContains.h</string>
			<key>sourceTree</key>
			<string>&lt;group&gt;</string>
		</dict>
		<key>86D53CFE16C15E2C007B1671</key>
		<dict>
			<key>fileEncoding</key>
			<string>4</string>
			<key>isa</key>
			<string>PBXFileReference</string>
			<key>lastKnownFileType</key>
			<string>sourcecode.c.objc</string>
			<key>path</key>
			<string>NSString+StringContains.m</string>
			<key>sourceTree</key>
			<string>&lt;group&gt;</string>
		</dict>
		<key>86D53CFF16C15E2C007B1671</key>
		<dict>
			<key>fileEncoding</key>
			<string>4</string>
			<key>isa</key>
			<string>PBXFileReference</string>
			<key>lastKnownFileType</key>
			<string>sourcecode.c.h</string>
			<key>path</key>
			<string>UIImage+AlteringUtilities.h</string>
			<key>sourceTree</key>
			<string>&lt;group&gt;</string>
		</dict>
		<key>86D53D0016C15E2C007B1671</key>
		<dict>
			<key>fileEncoding</key>
			<string>4</string>
			<key>isa</key>
			<string>PBXFileReference</string>
			<key>lastKnownFileType</key>
			<string>sourcecode.c.objc</string>
			<key>path</key>
			<string>UIImage+AlteringUtilities.m</string>
			<key>sourceTree</key>
			<string>&lt;group&gt;</string>
		</dict>
		<key>86D53D0116C15E2C007B1671</key>
		<dict>
			<key>fileEncoding</key>
			<string>4</string>
			<key>isa</key>
			<string>PBXFileReference</string>
			<key>lastKnownFileType</key>
			<string>sourcecode.c.h</string>
			<key>path</key>
			<string>UIImagePickerController+ImageTypeActionSheet.h</string>
			<key>sourceTree</key>
			<string>&lt;group&gt;</string>
		</dict>
		<key>86D53D0216C15E2C007B1671</key>
		<dict>
			<key>fileEncoding</key>
			<string>4</string>
			<key>isa</key>
			<string>PBXFileReference</string>
			<key>lastKnownFileType</key>
			<string>sourcecode.c.objc</string>
			<key>path</key>
			<string>UIImagePickerController+ImageTypeActionSheet.m</string>
			<key>sourceTree</key>
			<string>&lt;group&gt;</string>
		</dict>
		<key>86D53D0316C15E2C007B1671</key>
		<dict>
			<key>fileEncoding</key>
			<string>4</string>
			<key>isa</key>
			<string>PBXFileReference</string>
			<key>lastKnownFileType</key>
			<string>sourcecode.c.h</string>
			<key>path</key>
			<string>UIImageView+AnimatedSwap.h</string>
			<key>sourceTree</key>
			<string>&lt;group&gt;</string>
		</dict>
		<key>86D53D0416C15E2C007B1671</key>
		<dict>
			<key>fileEncoding</key>
			<string>4</string>
			<key>isa</key>
			<string>PBXFileReference</string>
			<key>lastKnownFileType</key>
			<string>sourcecode.c.objc</string>
			<key>path</key>
			<string>UIImageView+AnimatedSwap.m</string>
			<key>sourceTree</key>
			<string>&lt;group&gt;</string>
		</dict>
		<key>86D53D0516C15E2C007B1671</key>
		<dict>
			<key>fileEncoding</key>
			<string>4</string>
			<key>isa</key>
			<string>PBXFileReference</string>
			<key>lastKnownFileType</key>
			<string>sourcecode.c.h</string>
			<key>path</key>
			<string>UILabel+AutoSize.h</string>
			<key>sourceTree</key>
			<string>&lt;group&gt;</string>
		</dict>
		<key>86D53D0616C15E2C007B1671</key>
		<dict>
			<key>fileEncoding</key>
			<string>4</string>
			<key>isa</key>
			<string>PBXFileReference</string>
			<key>lastKnownFileType</key>
			<string>sourcecode.c.objc</string>
			<key>path</key>
			<string>UILabel+AutoSize.m</string>
			<key>sourceTree</key>
			<string>&lt;group&gt;</string>
		</dict>
		<key>86D53D0716C15E2C007B1671</key>
		<dict>
			<key>fileEncoding</key>
			<string>4</string>
			<key>isa</key>
			<string>PBXFileReference</string>
			<key>lastKnownFileType</key>
			<string>sourcecode.c.h</string>
			<key>path</key>
			<string>UIView+AnimatedSwap.h</string>
			<key>sourceTree</key>
			<string>&lt;group&gt;</string>
		</dict>
		<key>86D53D0816C15E2C007B1671</key>
		<dict>
			<key>fileEncoding</key>
			<string>4</string>
			<key>isa</key>
			<string>PBXFileReference</string>
			<key>lastKnownFileType</key>
			<string>sourcecode.c.objc</string>
			<key>path</key>
			<string>UIView+AnimatedSwap.m</string>
			<key>sourceTree</key>
			<string>&lt;group&gt;</string>
		</dict>
		<key>86D53D0916C15E2C007B1671</key>
		<dict>
			<key>fileEncoding</key>
			<string>4</string>
			<key>isa</key>
			<string>PBXFileReference</string>
			<key>lastKnownFileType</key>
			<string>sourcecode.c.h</string>
			<key>path</key>
			<string>UIView+Fading.h</string>
			<key>sourceTree</key>
			<string>&lt;group&gt;</string>
		</dict>
		<key>86D53D0A16C15E2C007B1671</key>
		<dict>
			<key>fileEncoding</key>
			<string>4</string>
			<key>isa</key>
			<string>PBXFileReference</string>
			<key>lastKnownFileType</key>
			<string>sourcecode.c.objc</string>
			<key>path</key>
			<string>UIView+Fading.m</string>
			<key>sourceTree</key>
			<string>&lt;group&gt;</string>
		</dict>
		<key>86D53D0B16C15E2C007B1671</key>
		<dict>
			<key>fileEncoding</key>
			<string>4</string>
			<key>isa</key>
			<string>PBXFileReference</string>
			<key>lastKnownFileType</key>
			<string>sourcecode.c.h</string>
			<key>path</key>
			<string>UIView+Sizes.h</string>
			<key>sourceTree</key>
			<string>&lt;group&gt;</string>
		</dict>
		<key>86D53D0C16C15E2C007B1671</key>
		<dict>
			<key>fileEncoding</key>
			<string>4</string>
			<key>isa</key>
			<string>PBXFileReference</string>
			<key>lastKnownFileType</key>
			<string>sourcecode.c.objc</string>
			<key>path</key>
			<string>UIView+Sizes.m</string>
			<key>sourceTree</key>
			<string>&lt;group&gt;</string>
		</dict>
		<key>86D53D0D16C15E2C007B1671</key>
		<dict>
			<key>fileEncoding</key>
			<string>4</string>
			<key>isa</key>
			<string>PBXFileReference</string>
			<key>lastKnownFileType</key>
			<string>sourcecode.c.h</string>
			<key>path</key>
			<string>UIView+Wiggle.h</string>
			<key>sourceTree</key>
			<string>&lt;group&gt;</string>
		</dict>
		<key>86D53D0E16C15E2C007B1671</key>
		<dict>
			<key>fileEncoding</key>
			<string>4</string>
			<key>isa</key>
			<string>PBXFileReference</string>
			<key>lastKnownFileType</key>
			<string>sourcecode.c.objc</string>
			<key>path</key>
			<string>UIView+Wiggle.m</string>
			<key>sourceTree</key>
			<string>&lt;group&gt;</string>
		</dict>
		<key>86D53D0F16C15E2C007B1671</key>
		<dict>
			<key>fileRef</key>
			<string>86D53CFC16C15E2C007B1671</string>
			<key>isa</key>
			<string>PBXBuildFile</string>
		</dict>
		<key>86D53D1016C15E2C007B1671</key>
		<dict>
			<key>fileRef</key>
			<string>86D53CFE16C15E2C007B1671</string>
			<key>isa</key>
			<string>PBXBuildFile</string>
		</dict>
		<key>86D53D1116C15E2C007B1671</key>
		<dict>
			<key>fileRef</key>
			<string>86D53D0016C15E2C007B1671</string>
			<key>isa</key>
			<string>PBXBuildFile</string>
		</dict>
		<key>86D53D1216C15E2C007B1671</key>
		<dict>
			<key>fileRef</key>
			<string>86D53D0216C15E2C007B1671</string>
			<key>isa</key>
			<string>PBXBuildFile</string>
		</dict>
		<key>86D53D1316C15E2C007B1671</key>
		<dict>
			<key>fileRef</key>
			<string>86D53D0416C15E2C007B1671</string>
			<key>isa</key>
			<string>PBXBuildFile</string>
		</dict>
		<key>86D53D1416C15E2C007B1671</key>
		<dict>
			<key>fileRef</key>
			<string>86D53D0616C15E2C007B1671</string>
			<key>isa</key>
			<string>PBXBuildFile</string>
		</dict>
		<key>86D53D1516C15E2C007B1671</key>
		<dict>
			<key>fileRef</key>
			<string>86D53D0816C15E2C007B1671</string>
			<key>isa</key>
			<string>PBXBuildFile</string>
		</dict>
		<key>86D53D1616C15E2C007B1671</key>
		<dict>
			<key>fileRef</key>
			<string>86D53D0A16C15E2C007B1671</string>
			<key>isa</key>
			<string>PBXBuildFile</string>
		</dict>
		<key>86D53D1716C15E2C007B1671</key>
		<dict>
			<key>fileRef</key>
			<string>86D53D0C16C15E2C007B1671</string>
			<key>isa</key>
			<string>PBXBuildFile</string>
		</dict>
		<key>86D53D1816C15E2C007B1671</key>
		<dict>
			<key>fileRef</key>
			<string>86D53D0E16C15E2C007B1671</string>
			<key>isa</key>
			<string>PBXBuildFile</string>
		</dict>
		<key>86D53D1916C15F77007B1671</key>
		<dict>
			<key>children</key>
			<array>
				<string>863D2C3916C074070029C6B6</string>
				<string>863D2C3B16C074070029C6B6</string>
				<string>863D2C3D16C074070029C6B6</string>
				<string>86D53D1A16C15F77007B1671</string>
				<string>86D53D2516C15F77007B1671</string>
				<string>86D53D3016C15F77007B1671</string>
				<string>86D53D3B16C15F77007B1671</string>
			</array>
			<key>isa</key>
			<string>PBXGroup</string>
			<key>name</key>
			<string>Graphics</string>
			<key>path</key>
			<string>../Graphics</string>
			<key>sourceTree</key>
			<string>&lt;group&gt;</string>
		</dict>
		<key>86D53D1A16C15F77007B1671</key>
		<dict>
			<key>children</key>
			<array>
				<string>86D53D1B16C15F77007B1671</string>
				<string>86D53D1C16C15F77007B1671</string>
				<string>86D53D1D16C15F77007B1671</string>
				<string>86D53D1E16C15F77007B1671</string>
				<string>86D53D1F16C15F77007B1671</string>
				<string>86D53D2016C15F77007B1671</string>
				<string>86D53D2116C15F77007B1671</string>
				<string>86D53D2216C15F77007B1671</string>
				<string>86D53D2316C15F77007B1671</string>
				<string>86D53D2416C15F77007B1671</string>
			</array>
			<key>isa</key>
			<string>PBXGroup</string>
			<key>path</key>
			<string>Icon</string>
			<key>sourceTree</key>
			<string>&lt;group&gt;</string>
		</dict>
		<key>86D53D1B16C15F77007B1671</key>
		<dict>
			<key>isa</key>
			<string>PBXFileReference</string>
			<key>lastKnownFileType</key>
			<string>image.png</string>
			<key>path</key>
			<string>Icon-72.png</string>
			<key>sourceTree</key>
			<string>&lt;group&gt;</string>
		</dict>
		<key>86D53D1C16C15F77007B1671</key>
		<dict>
			<key>isa</key>
			<string>PBXFileReference</string>
			<key>lastKnownFileType</key>
			<string>image.png</string>
			<key>path</key>
			<string>Icon-72@2x.png</string>
			<key>sourceTree</key>
			<string>&lt;group&gt;</string>
		</dict>
		<key>86D53D1D16C15F77007B1671</key>
		<dict>
			<key>isa</key>
			<string>PBXFileReference</string>
			<key>lastKnownFileType</key>
			<string>image.png</string>
			<key>path</key>
			<string>Icon-Small-50.png</string>
			<key>sourceTree</key>
			<string>&lt;group&gt;</string>
		</dict>
		<key>86D53D1E16C15F77007B1671</key>
		<dict>
			<key>isa</key>
			<string>PBXFileReference</string>
			<key>lastKnownFileType</key>
			<string>image.png</string>
			<key>path</key>
			<string>Icon-Small-50@2x.png</string>
			<key>sourceTree</key>
			<string>&lt;group&gt;</string>
		</dict>
		<key>86D53D1F16C15F77007B1671</key>
		<dict>
			<key>isa</key>
			<string>PBXFileReference</string>
			<key>lastKnownFileType</key>
			<string>image.png</string>
			<key>path</key>
			<string>Icon-Small.png</string>
			<key>sourceTree</key>
			<string>&lt;group&gt;</string>
		</dict>
		<key>86D53D2016C15F77007B1671</key>
		<dict>
			<key>isa</key>
			<string>PBXFileReference</string>
			<key>lastKnownFileType</key>
			<string>image.png</string>
			<key>path</key>
			<string>Icon-Small@2x.png</string>
			<key>sourceTree</key>
			<string>&lt;group&gt;</string>
		</dict>
		<key>86D53D2116C15F77007B1671</key>
		<dict>
			<key>isa</key>
			<string>PBXFileReference</string>
			<key>lastKnownFileType</key>
			<string>image.png</string>
			<key>path</key>
			<string>Icon.png</string>
			<key>sourceTree</key>
			<string>&lt;group&gt;</string>
		</dict>
		<key>86D53D2216C15F77007B1671</key>
		<dict>
			<key>isa</key>
			<string>PBXFileReference</string>
			<key>lastKnownFileType</key>
			<string>image.png</string>
			<key>path</key>
			<string>Icon@2x.png</string>
			<key>sourceTree</key>
			<string>&lt;group&gt;</string>
		</dict>
		<key>86D53D2316C15F77007B1671</key>
		<dict>
			<key>isa</key>
			<string>PBXFileReference</string>
			<key>lastKnownFileType</key>
			<string>image.png</string>
			<key>path</key>
			<string>iTunesArtwork.png</string>
			<key>sourceTree</key>
			<string>&lt;group&gt;</string>
		</dict>
		<key>86D53D2416C15F77007B1671</key>
		<dict>
			<key>isa</key>
			<string>PBXFileReference</string>
			<key>lastKnownFileType</key>
			<string>image.png</string>
			<key>path</key>
			<string>iTunesArtwork@2x.png</string>
			<key>sourceTree</key>
			<string>&lt;group&gt;</string>
		</dict>
		<key>86D53D2516C15F77007B1671</key>
		<dict>
			<key>children</key>
			<array>
				<string>86D53D2616C15F77007B1671</string>
				<string>86D53D2716C15F77007B1671</string>
				<string>86D53D2816C15F77007B1671</string>
				<string>86D53D2916C15F77007B1671</string>
				<string>86D53D2A16C15F77007B1671</string>
				<string>86D53D2B16C15F77007B1671</string>
				<string>86D53D2C16C15F77007B1671</string>
				<string>86D53D2D16C15F77007B1671</string>
				<string>86D53D2E16C15F77007B1671</string>
				<string>86D53D2F16C15F77007B1671</string>
			</array>
			<key>isa</key>
			<string>PBXGroup</string>
			<key>path</key>
			<string>Icon-Beta</string>
			<key>sourceTree</key>
			<string>&lt;group&gt;</string>
		</dict>
		<key>86D53D2616C15F77007B1671</key>
		<dict>
			<key>isa</key>
			<string>PBXFileReference</string>
			<key>lastKnownFileType</key>
			<string>image.png</string>
			<key>path</key>
			<string>Icon-72-beta.png</string>
			<key>sourceTree</key>
			<string>&lt;group&gt;</string>
		</dict>
		<key>86D53D2716C15F77007B1671</key>
		<dict>
			<key>isa</key>
			<string>PBXFileReference</string>
			<key>lastKnownFileType</key>
			<string>image.png</string>
			<key>path</key>
			<string>Icon-72-beta@2x.png</string>
			<key>sourceTree</key>
			<string>&lt;group&gt;</string>
		</dict>
		<key>86D53D2816C15F77007B1671</key>
		<dict>
			<key>isa</key>
			<string>PBXFileReference</string>
			<key>lastKnownFileType</key>
			<string>image.png</string>
			<key>path</key>
			<string>Icon-beta.png</string>
			<key>sourceTree</key>
			<string>&lt;group&gt;</string>
		</dict>
		<key>86D53D2916C15F77007B1671</key>
		<dict>
			<key>isa</key>
			<string>PBXFileReference</string>
			<key>lastKnownFileType</key>
			<string>image.png</string>
			<key>path</key>
			<string>Icon-beta@2x.png</string>
			<key>sourceTree</key>
			<string>&lt;group&gt;</string>
		</dict>
		<key>86D53D2A16C15F77007B1671</key>
		<dict>
			<key>isa</key>
			<string>PBXFileReference</string>
			<key>lastKnownFileType</key>
			<string>image.png</string>
			<key>path</key>
			<string>Icon-Small-50-beta.png</string>
			<key>sourceTree</key>
			<string>&lt;group&gt;</string>
		</dict>
		<key>86D53D2B16C15F77007B1671</key>
		<dict>
			<key>isa</key>
			<string>PBXFileReference</string>
			<key>lastKnownFileType</key>
			<string>image.png</string>
			<key>path</key>
			<string>Icon-Small-50-beta@2x.png</string>
			<key>sourceTree</key>
			<string>&lt;group&gt;</string>
		</dict>
		<key>86D53D2C16C15F77007B1671</key>
		<dict>
			<key>isa</key>
			<string>PBXFileReference</string>
			<key>lastKnownFileType</key>
			<string>image.png</string>
			<key>path</key>
			<string>Icon-Small-beta.png</string>
			<key>sourceTree</key>
			<string>&lt;group&gt;</string>
		</dict>
		<key>86D53D2D16C15F77007B1671</key>
		<dict>
			<key>isa</key>
			<string>PBXFileReference</string>
			<key>lastKnownFileType</key>
			<string>image.png</string>
			<key>path</key>
			<string>Icon-Small-beta@2x.png</string>
			<key>sourceTree</key>
			<string>&lt;group&gt;</string>
		</dict>
		<key>86D53D2E16C15F77007B1671</key>
		<dict>
			<key>isa</key>
			<string>PBXFileReference</string>
			<key>lastKnownFileType</key>
			<string>image.png</string>
			<key>path</key>
			<string>iTunesArtwork-beta.png</string>
			<key>sourceTree</key>
			<string>&lt;group&gt;</string>
		</dict>
		<key>86D53D2F16C15F77007B1671</key>
		<dict>
			<key>isa</key>
			<string>PBXFileReference</string>
			<key>lastKnownFileType</key>
			<string>image.png</string>
			<key>path</key>
			<string>iTunesArtwork-beta@2x.png</string>
			<key>sourceTree</key>
			<string>&lt;group&gt;</string>
		</dict>
		<key>86D53D3016C15F77007B1671</key>
		<dict>
			<key>children</key>
			<array>
				<string>86D53D3116C15F77007B1671</string>
				<string>86D53D3216C15F77007B1671</string>
				<string>86D53D3316C15F77007B1671</string>
				<string>86D53D3416C15F77007B1671</string>
				<string>86D53D3516C15F77007B1671</string>
				<string>86D53D3616C15F77007B1671</string>
				<string>86D53D3716C15F77007B1671</string>
				<string>86D53D3816C15F77007B1671</string>
				<string>86D53D3916C15F77007B1671</string>
				<string>86D53D3A16C15F77007B1671</string>
			</array>
			<key>isa</key>
			<string>PBXGroup</string>
			<key>path</key>
			<string>Icon-Dev</string>
			<key>sourceTree</key>
			<string>&lt;group&gt;</string>
		</dict>
		<key>86D53D3116C15F77007B1671</key>
		<dict>
			<key>isa</key>
			<string>PBXFileReference</string>
			<key>lastKnownFileType</key>
			<string>image.png</string>
			<key>path</key>
			<string>Icon-72-dev.png</string>
			<key>sourceTree</key>
			<string>&lt;group&gt;</string>
		</dict>
		<key>86D53D3216C15F77007B1671</key>
		<dict>
			<key>isa</key>
			<string>PBXFileReference</string>
			<key>lastKnownFileType</key>
			<string>image.png</string>
			<key>path</key>
			<string>Icon-72-dev@2x.png</string>
			<key>sourceTree</key>
			<string>&lt;group&gt;</string>
		</dict>
		<key>86D53D3316C15F77007B1671</key>
		<dict>
			<key>isa</key>
			<string>PBXFileReference</string>
			<key>lastKnownFileType</key>
			<string>image.png</string>
			<key>path</key>
			<string>Icon-dev.png</string>
			<key>sourceTree</key>
			<string>&lt;group&gt;</string>
		</dict>
		<key>86D53D3416C15F77007B1671</key>
		<dict>
			<key>isa</key>
			<string>PBXFileReference</string>
			<key>lastKnownFileType</key>
			<string>image.png</string>
			<key>path</key>
			<string>Icon-dev@2x.png</string>
			<key>sourceTree</key>
			<string>&lt;group&gt;</string>
		</dict>
		<key>86D53D3516C15F77007B1671</key>
		<dict>
			<key>isa</key>
			<string>PBXFileReference</string>
			<key>lastKnownFileType</key>
			<string>image.png</string>
			<key>path</key>
			<string>Icon-Small-50-dev.png</string>
			<key>sourceTree</key>
			<string>&lt;group&gt;</string>
		</dict>
		<key>86D53D3616C15F77007B1671</key>
		<dict>
			<key>isa</key>
			<string>PBXFileReference</string>
			<key>lastKnownFileType</key>
			<string>image.png</string>
			<key>path</key>
			<string>Icon-Small-50-dev@2x.png</string>
			<key>sourceTree</key>
			<string>&lt;group&gt;</string>
		</dict>
		<key>86D53D3716C15F77007B1671</key>
		<dict>
			<key>isa</key>
			<string>PBXFileReference</string>
			<key>lastKnownFileType</key>
			<string>image.png</string>
			<key>path</key>
			<string>Icon-Small-dev.png</string>
			<key>sourceTree</key>
			<string>&lt;group&gt;</string>
		</dict>
		<key>86D53D3816C15F77007B1671</key>
		<dict>
			<key>isa</key>
			<string>PBXFileReference</string>
			<key>lastKnownFileType</key>
			<string>image.png</string>
			<key>path</key>
			<string>Icon-Small-dev@2x.png</string>
			<key>sourceTree</key>
			<string>&lt;group&gt;</string>
		</dict>
		<key>86D53D3916C15F77007B1671</key>
		<dict>
			<key>isa</key>
			<string>PBXFileReference</string>
			<key>lastKnownFileType</key>
			<string>image.png</string>
			<key>path</key>
			<string>iTunesArtwork-dev.png</string>
			<key>sourceTree</key>
			<string>&lt;group&gt;</string>
		</dict>
		<key>86D53D3A16C15F77007B1671</key>
		<dict>
			<key>isa</key>
			<string>PBXFileReference</string>
			<key>lastKnownFileType</key>
			<string>image.png</string>
			<key>path</key>
			<string>iTunesArtwork-dev@2x.png</string>
			<key>sourceTree</key>
			<string>&lt;group&gt;</string>
		</dict>
		<key>86D53D3B16C15F77007B1671</key>
		<dict>
			<key>children</key>
			<array>
				<string>86D53D3C16C15F77007B1671</string>
				<string>86D53D3D16C15F77007B1671</string>
				<string>86D53D3E16C15F77007B1671</string>
				<string>86D53D3F16C15F77007B1671</string>
				<string>86D53D4016C15F77007B1671</string>
				<string>86D53D4116C15F77007B1671</string>
				<string>86D53D4216C15F77007B1671</string>
				<string>86D53D4316C15F77007B1671</string>
				<string>86D53D4416C15F77007B1671</string>
				<string>86D53D4516C15F77007B1671</string>
			</array>
			<key>isa</key>
			<string>PBXGroup</string>
			<key>path</key>
			<string>Icon-QA</string>
			<key>sourceTree</key>
			<string>&lt;group&gt;</string>
		</dict>
		<key>86D53D3C16C15F77007B1671</key>
		<dict>
			<key>isa</key>
			<string>PBXFileReference</string>
			<key>lastKnownFileType</key>
			<string>image.png</string>
			<key>path</key>
			<string>Icon-72-qa.png</string>
			<key>sourceTree</key>
			<string>&lt;group&gt;</string>
		</dict>
		<key>86D53D3D16C15F77007B1671</key>
		<dict>
			<key>isa</key>
			<string>PBXFileReference</string>
			<key>lastKnownFileType</key>
			<string>image.png</string>
			<key>path</key>
			<string>Icon-72-qa@2x.png</string>
			<key>sourceTree</key>
			<string>&lt;group&gt;</string>
		</dict>
		<key>86D53D3E16C15F77007B1671</key>
		<dict>
			<key>isa</key>
			<string>PBXFileReference</string>
			<key>lastKnownFileType</key>
			<string>image.png</string>
			<key>path</key>
			<string>Icon-qa.png</string>
			<key>sourceTree</key>
			<string>&lt;group&gt;</string>
		</dict>
		<key>86D53D3F16C15F77007B1671</key>
		<dict>
			<key>isa</key>
			<string>PBXFileReference</string>
			<key>lastKnownFileType</key>
			<string>image.png</string>
			<key>path</key>
			<string>Icon-qa@2x.png</string>
			<key>sourceTree</key>
			<string>&lt;group&gt;</string>
		</dict>
		<key>86D53D4016C15F77007B1671</key>
		<dict>
			<key>isa</key>
			<string>PBXFileReference</string>
			<key>lastKnownFileType</key>
			<string>image.png</string>
			<key>path</key>
			<string>Icon-Small-50-qa.png</string>
			<key>sourceTree</key>
			<string>&lt;group&gt;</string>
		</dict>
		<key>86D53D4116C15F77007B1671</key>
		<dict>
			<key>isa</key>
			<string>PBXFileReference</string>
			<key>lastKnownFileType</key>
			<string>image.png</string>
			<key>path</key>
			<string>Icon-Small-50-qa@2x.png</string>
			<key>sourceTree</key>
			<string>&lt;group&gt;</string>
		</dict>
		<key>86D53D4216C15F77007B1671</key>
		<dict>
			<key>isa</key>
			<string>PBXFileReference</string>
			<key>lastKnownFileType</key>
			<string>image.png</string>
			<key>path</key>
			<string>Icon-Small-qa.png</string>
			<key>sourceTree</key>
			<string>&lt;group&gt;</string>
		</dict>
		<key>86D53D4316C15F77007B1671</key>
		<dict>
			<key>isa</key>
			<string>PBXFileReference</string>
			<key>lastKnownFileType</key>
			<string>image.png</string>
			<key>path</key>
			<string>Icon-Small-qa@2x.png</string>
			<key>sourceTree</key>
			<string>&lt;group&gt;</string>
		</dict>
		<key>86D53D4416C15F77007B1671</key>
		<dict>
			<key>isa</key>
			<string>PBXFileReference</string>
			<key>lastKnownFileType</key>
			<string>image.png</string>
			<key>path</key>
			<string>iTunesArtwork-qa.png</string>
			<key>sourceTree</key>
			<string>&lt;group&gt;</string>
		</dict>
		<key>86D53D4516C15F77007B1671</key>
		<dict>
			<key>isa</key>
			<string>PBXFileReference</string>
			<key>lastKnownFileType</key>
			<string>image.png</string>
			<key>path</key>
			<string>iTunesArtwork-qa@2x.png</string>
			<key>sourceTree</key>
			<string>&lt;group&gt;</string>
		</dict>
		<key>86D53D4616C15F77007B1671</key>
		<dict>
			<key>fileRef</key>
			<string>86D53D1B16C15F77007B1671</string>
			<key>isa</key>
			<string>PBXBuildFile</string>
		</dict>
		<key>86D53D4716C15F77007B1671</key>
		<dict>
			<key>fileRef</key>
			<string>86D53D1C16C15F77007B1671</string>
			<key>isa</key>
			<string>PBXBuildFile</string>
		</dict>
		<key>86D53D4816C15F77007B1671</key>
		<dict>
			<key>fileRef</key>
			<string>86D53D1D16C15F77007B1671</string>
			<key>isa</key>
			<string>PBXBuildFile</string>
		</dict>
		<key>86D53D4916C15F77007B1671</key>
		<dict>
			<key>fileRef</key>
			<string>86D53D1E16C15F77007B1671</string>
			<key>isa</key>
			<string>PBXBuildFile</string>
		</dict>
		<key>86D53D4A16C15F77007B1671</key>
		<dict>
			<key>fileRef</key>
			<string>86D53D1F16C15F77007B1671</string>
			<key>isa</key>
			<string>PBXBuildFile</string>
		</dict>
		<key>86D53D4B16C15F77007B1671</key>
		<dict>
			<key>fileRef</key>
			<string>86D53D2016C15F77007B1671</string>
			<key>isa</key>
			<string>PBXBuildFile</string>
		</dict>
		<key>86D53D4C16C15F77007B1671</key>
		<dict>
			<key>fileRef</key>
			<string>86D53D2116C15F77007B1671</string>
			<key>isa</key>
			<string>PBXBuildFile</string>
		</dict>
		<key>86D53D4D16C15F77007B1671</key>
		<dict>
			<key>fileRef</key>
			<string>86D53D2216C15F77007B1671</string>
			<key>isa</key>
			<string>PBXBuildFile</string>
		</dict>
		<key>86D53D4E16C15F77007B1671</key>
		<dict>
			<key>fileRef</key>
			<string>86D53D2316C15F77007B1671</string>
			<key>isa</key>
			<string>PBXBuildFile</string>
		</dict>
		<key>86D53D4F16C15F77007B1671</key>
		<dict>
			<key>fileRef</key>
			<string>86D53D2416C15F77007B1671</string>
			<key>isa</key>
			<string>PBXBuildFile</string>
		</dict>
		<key>86D53D5016C15F77007B1671</key>
		<dict>
			<key>fileRef</key>
			<string>86D53D2616C15F77007B1671</string>
			<key>isa</key>
			<string>PBXBuildFile</string>
		</dict>
		<key>86D53D5116C15F77007B1671</key>
		<dict>
			<key>fileRef</key>
			<string>86D53D2716C15F77007B1671</string>
			<key>isa</key>
			<string>PBXBuildFile</string>
		</dict>
		<key>86D53D5216C15F77007B1671</key>
		<dict>
			<key>fileRef</key>
			<string>86D53D2816C15F77007B1671</string>
			<key>isa</key>
			<string>PBXBuildFile</string>
		</dict>
		<key>86D53D5316C15F77007B1671</key>
		<dict>
			<key>fileRef</key>
			<string>86D53D2916C15F77007B1671</string>
			<key>isa</key>
			<string>PBXBuildFile</string>
		</dict>
		<key>86D53D5416C15F77007B1671</key>
		<dict>
			<key>fileRef</key>
			<string>86D53D2A16C15F77007B1671</string>
			<key>isa</key>
			<string>PBXBuildFile</string>
		</dict>
		<key>86D53D5516C15F77007B1671</key>
		<dict>
			<key>fileRef</key>
			<string>86D53D2B16C15F77007B1671</string>
			<key>isa</key>
			<string>PBXBuildFile</string>
		</dict>
		<key>86D53D5616C15F77007B1671</key>
		<dict>
			<key>fileRef</key>
			<string>86D53D2C16C15F77007B1671</string>
			<key>isa</key>
			<string>PBXBuildFile</string>
		</dict>
		<key>86D53D5716C15F77007B1671</key>
		<dict>
			<key>fileRef</key>
			<string>86D53D2D16C15F77007B1671</string>
			<key>isa</key>
			<string>PBXBuildFile</string>
		</dict>
		<key>86D53D5816C15F77007B1671</key>
		<dict>
			<key>fileRef</key>
			<string>86D53D2E16C15F77007B1671</string>
			<key>isa</key>
			<string>PBXBuildFile</string>
		</dict>
		<key>86D53D5916C15F77007B1671</key>
		<dict>
			<key>fileRef</key>
			<string>86D53D2F16C15F77007B1671</string>
			<key>isa</key>
			<string>PBXBuildFile</string>
		</dict>
		<key>86D53D5A16C15F77007B1671</key>
		<dict>
			<key>fileRef</key>
			<string>86D53D3116C15F77007B1671</string>
			<key>isa</key>
			<string>PBXBuildFile</string>
		</dict>
		<key>86D53D5B16C15F77007B1671</key>
		<dict>
			<key>fileRef</key>
			<string>86D53D3216C15F77007B1671</string>
			<key>isa</key>
			<string>PBXBuildFile</string>
		</dict>
		<key>86D53D5C16C15F77007B1671</key>
		<dict>
			<key>fileRef</key>
			<string>86D53D3316C15F77007B1671</string>
			<key>isa</key>
			<string>PBXBuildFile</string>
		</dict>
		<key>86D53D5D16C15F77007B1671</key>
		<dict>
			<key>fileRef</key>
			<string>86D53D3416C15F77007B1671</string>
			<key>isa</key>
			<string>PBXBuildFile</string>
		</dict>
		<key>86D53D5E16C15F77007B1671</key>
		<dict>
			<key>fileRef</key>
			<string>86D53D3516C15F77007B1671</string>
			<key>isa</key>
			<string>PBXBuildFile</string>
		</dict>
		<key>86D53D5F16C15F77007B1671</key>
		<dict>
			<key>fileRef</key>
			<string>86D53D3616C15F77007B1671</string>
			<key>isa</key>
			<string>PBXBuildFile</string>
		</dict>
		<key>86D53D6016C15F77007B1671</key>
		<dict>
			<key>fileRef</key>
			<string>86D53D3716C15F77007B1671</string>
			<key>isa</key>
			<string>PBXBuildFile</string>
		</dict>
		<key>86D53D6116C15F77007B1671</key>
		<dict>
			<key>fileRef</key>
			<string>86D53D3816C15F77007B1671</string>
			<key>isa</key>
			<string>PBXBuildFile</string>
		</dict>
		<key>86D53D6216C15F77007B1671</key>
		<dict>
			<key>fileRef</key>
			<string>86D53D3916C15F77007B1671</string>
			<key>isa</key>
			<string>PBXBuildFile</string>
		</dict>
		<key>86D53D6316C15F77007B1671</key>
		<dict>
			<key>fileRef</key>
			<string>86D53D3A16C15F77007B1671</string>
			<key>isa</key>
			<string>PBXBuildFile</string>
		</dict>
		<key>86D53D6416C15F77007B1671</key>
		<dict>
			<key>fileRef</key>
			<string>86D53D3C16C15F77007B1671</string>
			<key>isa</key>
			<string>PBXBuildFile</string>
		</dict>
		<key>86D53D6516C15F77007B1671</key>
		<dict>
			<key>fileRef</key>
			<string>86D53D3D16C15F77007B1671</string>
			<key>isa</key>
			<string>PBXBuildFile</string>
		</dict>
		<key>86D53D6616C15F77007B1671</key>
		<dict>
			<key>fileRef</key>
			<string>86D53D3E16C15F77007B1671</string>
			<key>isa</key>
			<string>PBXBuildFile</string>
		</dict>
		<key>86D53D6716C15F77007B1671</key>
		<dict>
			<key>fileRef</key>
			<string>86D53D3F16C15F77007B1671</string>
			<key>isa</key>
			<string>PBXBuildFile</string>
		</dict>
		<key>86D53D6816C15F77007B1671</key>
		<dict>
			<key>fileRef</key>
			<string>86D53D4016C15F77007B1671</string>
			<key>isa</key>
			<string>PBXBuildFile</string>
		</dict>
		<key>86D53D6916C15F77007B1671</key>
		<dict>
			<key>fileRef</key>
			<string>86D53D4116C15F77007B1671</string>
			<key>isa</key>
			<string>PBXBuildFile</string>
		</dict>
		<key>86D53D6A16C15F77007B1671</key>
		<dict>
			<key>fileRef</key>
			<string>86D53D4216C15F77007B1671</string>
			<key>isa</key>
			<string>PBXBuildFile</string>
		</dict>
		<key>86D53D6B16C15F77007B1671</key>
		<dict>
			<key>fileRef</key>
			<string>86D53D4316C15F77007B1671</string>
			<key>isa</key>
			<string>PBXBuildFile</string>
		</dict>
		<key>86D53D6C16C15F77007B1671</key>
		<dict>
			<key>fileRef</key>
			<string>86D53D4416C15F77007B1671</string>
			<key>isa</key>
			<string>PBXBuildFile</string>
		</dict>
		<key>86D53D6D16C15F77007B1671</key>
		<dict>
			<key>fileRef</key>
			<string>86D53D4516C15F77007B1671</string>
			<key>isa</key>
			<string>PBXBuildFile</string>
		</dict>
		<key>86D53D6E16C15FC3007B1671</key>
		<dict>
			<key>children</key>
			<array>
				<string>86D53D6F16C15FC3007B1671</string>
			</array>
			<key>isa</key>
			<string>PBXGroup</string>
			<key>path</key>
			<string>Vendor</string>
			<key>sourceTree</key>
			<string>&lt;group&gt;</string>
		</dict>
		<key>86D53D6F16C15FC3007B1671</key>
		<dict>
			<key>children</key>
			<array>
				<string>862C9F0916C182E70075716E</string>
				<string>862C9F0A16C182E70075716E</string>
				<string>86D53D7016C15FC3007B1671</string>
				<string>86D53D7116C15FC3007B1671</string>
				<string>861A660316C1693B00C81E94</string>
				<string>862C9F0816C182AA0075716E</string>
			</array>
			<key>isa</key>
			<string>PBXGroup</string>
			<key>path</key>
			<string>RNThemeManager</string>
			<key>sourceTree</key>
			<string>&lt;group&gt;</string>
		</dict>
		<key>86D53D7016C15FC3007B1671</key>
		<dict>
			<key>fileEncoding</key>
			<string>4</string>
			<key>isa</key>
			<string>PBXFileReference</string>
			<key>lastKnownFileType</key>
			<string>sourcecode.c.h</string>
			<key>path</key>
			<string>RNThemeManager.h</string>
			<key>sourceTree</key>
			<string>&lt;group&gt;</string>
		</dict>
		<key>86D53D7116C15FC3007B1671</key>
		<dict>
			<key>fileEncoding</key>
			<string>4</string>
			<key>isa</key>
			<string>PBXFileReference</string>
			<key>lastKnownFileType</key>
			<string>sourcecode.c.objc</string>
			<key>path</key>
			<string>RNThemeManager.m</string>
			<key>sourceTree</key>
			<string>&lt;group&gt;</string>
		</dict>
		<key>86D53D7516C15FC3007B1671</key>
		<dict>
			<key>fileRef</key>
			<string>86D53D7116C15FC3007B1671</string>
			<key>isa</key>
			<string>PBXBuildFile</string>
		</dict>
		<key>86D53D7716C15FD9007B1671</key>
		<dict>
			<key>children</key>
			<array>
				<string>8C90F566356E4EB98541B640</string>
				<string>863D2C3316C074070029C6B6</string>
				<string>863D2C3516C074070029C6B6</string>
			</array>
			<key>isa</key>
			<string>PBXGroup</string>
			<key>name</key>
			<string>Other Sources</string>
			<key>path</key>
			<string>DT</string>
			<key>sourceTree</key>
			<string>&lt;group&gt;</string>
		</dict>
		<key>86D53D7816C15FE3007B1671</key>
		<dict>
			<key>children</key>
			<array>
				<string>86D53D1916C15F77007B1671</string>
				<string>862C9F0C16C184BF0075716E</string>
				<string>863D2C2F16C074070029C6B6</string>
				<string>863D2C3016C074070029C6B6</string>
				<string>863D2C3F16C074070029C6B6</string>
			</array>
			<key>isa</key>
			<string>PBXGroup</string>
			<key>name</key>
			<string>Resources</string>
			<key>path</key>
			<string>DT</string>
			<key>sourceTree</key>
			<string>&lt;group&gt;</string>
		</dict>
		<key>86D53D7916C16037007B1671</key>
		<dict>
			<key>children</key>
			<array>
				<string>863D2C3616C074070029C6B6</string>
				<string>863D2C3716C074070029C6B6</string>
			</array>
			<key>isa</key>
			<string>PBXGroup</string>
			<key>name</key>
			<string>AppDelegate</string>
			<key>sourceTree</key>
			<string>&lt;group&gt;</string>
		</dict>
		<key>86D53D7B16C16051007B1671</key>
		<dict>
			<key>children</key>
			<array/>
			<key>isa</key>
			<string>PBXGroup</string>
			<key>name</key>
			<string>Abstract</string>
			<key>sourceTree</key>
			<string>&lt;group&gt;</string>
		</dict>
		<key>86D53D7C16C16057007B1671</key>
		<dict>
			<key>children</key>
			<array/>
			<key>isa</key>
			<string>PBXGroup</string>
			<key>name</key>
			<string>Views</string>
			<key>sourceTree</key>
			<string>&lt;group&gt;</string>
		</dict>
		<key>86D53D7D16C1605C007B1671</key>
		<dict>
			<key>children</key>
			<array/>
			<key>isa</key>
			<string>PBXGroup</string>
			<key>name</key>
			<string>View Controllers</string>
			<key>sourceTree</key>
			<string>&lt;group&gt;</string>
		</dict>
		<key>86D53D7E16C1606F007B1671</key>
		<dict>
			<key>children</key>
			<array/>
			<key>isa</key>
			<string>PBXGroup</string>
			<key>name</key>
			<string>Core Data</string>
			<key>sourceTree</key>
			<string>&lt;group&gt;</string>
		</dict>
		<key>8C90F566356E4EB98541B640</key>
		<dict>
			<key>includeInIndex</key>
			<string>1</string>
			<key>isa</key>
			<string>PBXFileReference</string>
			<key>lastKnownFileType</key>
			<string>text.xcconfig</string>
			<key>name</key>
			<string>Pods.xcconfig</string>
			<key>path</key>
			<string>Pods/Pods.xcconfig</string>
			<key>sourceTree</key>
			<string>SOURCE_ROOT</string>
		</dict>
		<key>A362895EB1C948A8B9212C51</key>
		<dict>
			<key>explicitFileType</key>
			<string>archive.ar</string>
			<key>includeInIndex</key>
			<string>0</string>
			<key>isa</key>
			<string>PBXFileReference</string>
			<key>path</key>
			<string>libPods.a</string>
			<key>sourceTree</key>
			<string>BUILT_PRODUCTS_DIR</string>
		</dict>
		<key>C5BABDA6CBF6479C9F2A0AA9</key>
		<dict>
			<key>fileRef</key>
			<string>A362895EB1C948A8B9212C51</string>
			<key>isa</key>
			<string>PBXBuildFile</string>
		</dict>
		<key>F50A75FCFAB24387AC60D445</key>
		<dict>
			<key>buildActionMask</key>
			<string>2147483647</string>
			<key>files</key>
			<array/>
			<key>inputPaths</key>
			<array/>
			<key>isa</key>
			<string>PBXShellScriptBuildPhase</string>
			<key>name</key>
			<string>Warn for TODO and FIXME comments</string>
			<key>outputPaths</key>
			<array/>
			<key>runOnlyForDeploymentPostprocessing</key>
			<string>0</string>
			<key>shellPath</key>
			<string>/bin/sh</string>
			<key>shellScript</key>
			<string>KEYWORDS="TODO:|FIXME:|\?\?\?:|\!\!\!:"
find "${SRCROOT}" -ipath "${SRCROOT}/pods" -prune -o \( -name "*.h" -or -name "*.m" \) -print0 | xargs -0 egrep --with-filename --line-number --only-matching "($KEYWORDS).*\$" | perl -p -e "s/($KEYWORDS)/ warning: \$1/"
</string>
		</dict>
	</dict>
	<key>rootObject</key>
	<string>863D2C1A16C074070029C6B6</string>
</dict>
</plist>
